
Microsoft Visual Studio Solution File, Format Version 12.00
# Visual Studio Version 16
VisualStudioVersion = 16.0.30128.74
MinimumVisualStudioVersion = 10.0.40219.1
Project("{FAE04EC0-301F-11D3-BF4B-00C04F79EFBC}") = "UploadImgAPI", "UploadImgAPI.csproj", "{C138F9D1-B4C3-4649-ABBA-3902489F5A92}"
EndProject
Global
	GlobalSection(SolutionConfigurationPlatforms) = preSolution
		Debug|Any CPU = Debug|Any CPU
		Release|Any CPU = Release|Any CPU
	EndGlobalSection
	GlobalSection(ProjectConfigurationPlatforms) = postSolution
		{C138F9D1-B4C3-4649-ABBA-3902489F5A92}.Debug|Any CPU.ActiveCfg = Debug|Any CPU
		{C138F9D1-B4C3-4649-ABBA-3902489F5A92}.Debug|Any CPU.Build.0 = Debug|Any CPU
		{C138F9D1-B4C3-4649-ABBA-3902489F5A92}.Release|Any CPU.ActiveCfg = Release|Any CPU
		{C138F9D1-B4C3-4649-ABBA-3902489F5A92}.Release|Any CPU.Build.0 = Release|Any CPU
	EndGlobalSection
	GlobalSection(SolutionProperties) = preSolution
		HideSolutionNode = FALSE
	EndGlobalSection
	GlobalSection(ExtensibilityGlobals) = postSolution
		SolutionGuid = {8F66CD21-B156-4F5F-97CD-564A680B1ED6}
	EndGlobalSection
EndGlobal
